// !$*UTF8*$!
{
	archiveVersion = 1;
	classes = {
	};
	objectVersion = 46;
	objects = {

/* Begin PBXBuildFile section */
		D86047CB1F4FC7B20026A5EB /* AppDelegate.swift in Sources */ = {isa = PBXBuildFile; fileRef = D86047CA1F4FC7B20026A5EB /* AppDelegate.swift */; };
		D86047CD1F4FC7B20026A5EB /* ViewController.swift in Sources */ = {isa = PBXBuildFile; fileRef = D86047CC1F4FC7B20026A5EB /* ViewController.swift */; };
		D86047D01F4FC7B30026A5EB /* Main.storyboard in Resources */ = {isa = PBXBuildFile; fileRef = D86047CE1F4FC7B30026A5EB /* Main.storyboard */; };
		D86047D21F4FC7B30026A5EB /* Assets.xcassets in Resources */ = {isa = PBXBuildFile; fileRef = D86047D11F4FC7B30026A5EB /* Assets.xcassets */; };
		D86047D51F4FC7B30026A5EB /* LaunchScreen.storyboard in Resources */ = {isa = PBXBuildFile; fileRef = D86047D31F4FC7B30026A5EB /* LaunchScreen.storyboard */; };
		D86047E11F4FC8280026A5EB /* Player.swift in Sources */ = {isa = PBXBuildFile; fileRef = D86047E01F4FC8280026A5EB /* Player.swift */; };
		D86047E51F4FC9050026A5EB /* Property.swift in Sources */ = {isa = PBXBuildFile; fileRef = D86047E41F4FC9050026A5EB /* Property.swift */; };
/* End PBXBuildFile section */

/* Begin PBXFileReference section */
		D86047C71F4FC7B20026A5EB /* Monopoly.app */ = {isa = PBXFileReference; explicitFileType = wrapper.application; includeInIndex = 0; path = Monopoly.app; sourceTree = BUILT_PRODUCTS_DIR; };
		D86047CA1F4FC7B20026A5EB /* AppDelegate.swift */ = {isa = PBXFileReference; lastKnownFileType = sourcecode.swift; path = AppDelegate.swift; sourceTree = "<group>"; };
		D86047CC1F4FC7B20026A5EB /* ViewController.swift */ = {isa = PBXFileReference; lastKnownFileType = sourcecode.swift; path = ViewController.swift; sourceTree = "<group>"; };
		D86047CF1F4FC7B30026A5EB /* Base */ = {isa = PBXFileReference; lastKnownFileType = file.storyboard; name = Base; path = Base.lproj/Main.storyboard; sourceTree = "<group>"; };
		D86047D11F4FC7B30026A5EB /* Assets.xcassets */ = {isa = PBXFileReference; lastKnownFileType = folder.assetcatalog; path = Assets.xcassets; sourceTree = "<group>"; };
		D86047D41F4FC7B30026A5EB /* Base */ = {isa = PBXFileReference; lastKnownFileType = file.storyboard; name = Base; path = Base.lproj/LaunchScreen.storyboard; sourceTree = "<group>"; };
		D86047D61F4FC7B30026A5EB /* Info.plist */ = {isa = PBXFileReference; lastKnownFileType = text.plist.xml; path = Info.plist; sourceTree = "<group>"; };
		D86047E01F4FC8280026A5EB /* Player.swift */ = {isa = PBXFileReference; fileEncoding = 4; lastKnownFileType = sourcecode.swift; path = Player.swift; sourceTree = "<group>"; };
		D86047E41F4FC9050026A5EB /* Property.swift */ = {isa = PBXFileReference; fileEncoding = 4; lastKnownFileType = sourcecode.swift; path = Property.swift; sourceTree = "<group>"; };
/* End PBXFileReference section */

/* Begin PBXFrameworksBuildPhase section */
		D86047C41F4FC7B20026A5EB /* Frameworks */ = {
			isa = PBXFrameworksBuildPhase;
			buildActionMask = 2147483647;
			files = (
			);
			runOnlyForDeploymentPostprocessing = 0;
		};
/* End PBXFrameworksBuildPhase section */

/* Begin PBXGroup section */
		D86047BE1F4FC7B20026A5EB = {
			isa = PBXGroup;
			children = (
				D86047C91F4FC7B20026A5EB /* Monopoly */,
				D86047C81F4FC7B20026A5EB /* Products */,
			);
			sourceTree = "<group>";
		};
		D86047C81F4FC7B20026A5EB /* Products */ = {
			isa = PBXGroup;
			children = (
				D86047C71F4FC7B20026A5EB /* Monopoly.app */,
			);
			name = Products;
			sourceTree = "<group>";
		};
		D86047C91F4FC7B20026A5EB /* Monopoly */ = {
			isa = PBXGroup;
			children = (
				D86047DF1F4FC7D60026A5EB /* Utility */,
				D86047DE1F4FC7D10026A5EB /* Controller */,
				D86047DD1F4FC7C60026A5EB /* View */,
				D86047DC1F4FC7BA0026A5EB /* Model */,
				D86047CA1F4FC7B20026A5EB /* AppDelegate.swift */,
				D86047CE1F4FC7B30026A5EB /* Main.storyboard */,
				D86047D11F4FC7B30026A5EB /* Assets.xcassets */,
				D86047D31F4FC7B30026A5EB /* LaunchScreen.storyboard */,
				D86047D61F4FC7B30026A5EB /* Info.plist */,
			);
			path = Monopoly;
			sourceTree = "<group>";
		};
		D86047DC1F4FC7BA0026A5EB /* Model */ = {
			isa = PBXGroup;
			children = (
				D86047E01F4FC8280026A5EB /* Player.swift */,
				D86047E41F4FC9050026A5EB /* Property.swift */,
			);
			name = Model;
			sourceTree = "<group>";
		};
		D86047DD1F4FC7C60026A5EB /* View */ = {
			isa = PBXGroup;
			children = (
			);
			name = View;
			sourceTree = "<group>";
		};
		D86047DE1F4FC7D10026A5EB /* Controller */ = {
			isa = PBXGroup;
			children = (
				D86047CC1F4FC7B20026A5EB /* ViewController.swift */,
			);
			name = Controller;
			sourceTree = "<group>";
		};
		D86047DF1F4FC7D60026A5EB /* Utility */ = {
			isa = PBXGroup;
			children = (
			);
			name = Utility;
			sourceTree = "<group>";
		};
/* End PBXGroup section */

/* Begin PBXNativeTarget section */
		D86047C61F4FC7B20026A5EB /* Monopoly */ = {
			isa = PBXNativeTarget;
			buildConfigurationList = D86047D91F4FC7B30026A5EB /* Build configuration list for PBXNativeTarget "Monopoly" */;
			buildPhases = (
				D86047C31F4FC7B20026A5EB /* Sources */,
				D86047C41F4FC7B20026A5EB /* Frameworks */,
				D86047C51F4FC7B20026A5EB /* Resources */,
			);
			buildRules = (
			);
			dependencies = (
			);
			name = Monopoly;
			productName = Monopoly;
			productReference = D86047C71F4FC7B20026A5EB /* Monopoly.app */;
			productType = "com.apple.product-type.application";
		};
/* End PBXNativeTarget section */

/* Begin PBXProject section */
		D86047BF1F4FC7B20026A5EB /* Project object */ = {
			isa = PBXProject;
			attributes = {
				LastSwiftUpdateCheck = 0830;
				LastUpgradeCheck = 0830;
				ORGANIZATIONNAME = "Porter-Gaud School";
				TargetAttributes = {
					D86047C61F4FC7B20026A5EB = {
						CreatedOnToolsVersion = 8.3.3;
						ProvisioningStyle = Automatic;
					};
				};
			};
			buildConfigurationList = D86047C21F4FC7B20026A5EB /* Build configuration list for PBXProject "Monopoly" */;
			compatibilityVersion = "Xcode 3.2";
			developmentRegion = English;
			hasScannedForEncodings = 0;
			knownRegions = (
				en,
				Base,
			);
			mainGroup = D86047BE1F4FC7B20026A5EB;
			productRefGroup = D86047C81F4FC7B20026A5EB /* Products */;
			projectDirPath = "";
			projectRoot = "";
			targets = (
				D86047C61F4FC7B20026A5EB /* Monopoly */,
			);
		};
/* End PBXProject section */

/* Begin PBXResourcesBuildPhase section */
		D86047C51F4FC7B20026A5EB /* Resources */ = {
			isa = PBXResourcesBuildPhase;
			buildActionMask = 2147483647;
			files = (
				D86047D51F4FC7B30026A5EB /* LaunchScreen.storyboard in Resources */,
				D86047D21F4FC7B30026A5EB /* Assets.xcassets in Resources */,
				D86047D01F4FC7B30026A5EB /* Main.storyboard in Resources */,
			);
			runOnlyForDeploymentPostprocessing = 0;
		};
/* End PBXResourcesBuildPhase section */

/* Begin PBXSourcesBuildPhase section */
		D86047C31F4FC7B20026A5EB /* Sources */ = {
			isa = PBXSourcesBuildPhase;
			buildActionMask = 2147483647;
			files = (
				D86047CD1F4FC7B20026A5EB /* ViewController.swift in Sources */,
				D86047E11F4FC8280026A5EB /* Player.swift in Sources */,
				D86047E51F4FC9050026A5EB /* Property.swift in Sources */,
				D86047CB1F4FC7B20026A5EB /* AppDelegate.swift in Sources */,
			);
			runOnlyForDeploymentPostprocessing = 0;
		};
/* End PBXSourcesBuildPhase section */

/* Begin PBXVariantGroup section */
		D86047CE1F4FC7B30026A5EB /* Main.storyboard */ = {
			isa = PBXVariantGroup;
			children = (
				D86047CF1F4FC7B30026A5EB /* Base */,
			);
			name = Main.storyboard;
			sourceTree = "<group>";
		};
		D86047D31F4FC7B30026A5EB /* LaunchScreen.storyboard */ = {
			isa = PBXVariantGroup;
			children = (
				D86047D41F4FC7B30026A5EB /* Base */,
			);
			name = LaunchScreen.storyboard;
			sourceTree = "<group>";
		};
/* End PBXVariantGroup section */

/* Begin XCBuildConfiguration section */
		D86047D71F4FC7B30026A5EB /* Debug */ = {
			isa = XCBuildConfiguration;
			buildSettings = {
				ALWAYS_SEARCH_USER_PATHS = NO;
				CLANG_ANALYZER_NONNULL = YES;
				CLANG_ANALYZER_NUMBER_OBJECT_CONVERSION = YES_AGGRESSIVE;
				CLANG_CXX_LANGUAGE_STANDARD = "gnu++0x";
				CLANG_CXX_LIBRARY = "libc++";
				CLANG_ENABLE_MODULES = YES;
				CLANG_ENABLE_OBJC_ARC = YES;
				CLANG_WARN_BOOL_CONVERSION = YES;
				CLANG_WARN_CONSTANT_CONVERSION = YES;
				CLANG_WARN_DIRECT_OBJC_ISA_USAGE = YES_ERROR;
				CLANG_WARN_DOCUMENTATION_COMMENTS = YES;
				CLANG_WARN_EMPTY_BODY = YES;
				CLANG_WARN_ENUM_CONVERSION = YES;
				CLANG_WARN_INFINITE_RECURSION = YES;
				CLANG_WARN_INT_CONVERSION = YES;
				CLANG_WARN_OBJC_ROOT_CLASS = YES_ERROR;
				CLANG_WARN_SUSPICIOUS_MOVE = YES;
				CLANG_WARN_UNREACHABLE_CODE = YES;
				CLANG_WARN__DUPLICATE_METHOD_MATCH = YES;
				"CODE_SIGN_IDENTITY[sdk=iphoneos*]" = "iPhone Developer";
				COPY_PHASE_STRIP = NO;
				DEBUG_INFORMATION_FORMAT = dwarf;
				ENABLE_STRICT_OBJC_MSGSEND = YES;
				ENABLE_TESTABILITY = YES;
				GCC_C_LANGUAGE_STANDARD = gnu99;
				GCC_DYNAMIC_NO_PIC = NO;
				GCC_NO_COMMON_BLOCKS = YES;
				GCC_OPTIMIZATION_LEVEL = 0;
				GCC_PREPROCESSOR_DEFINITIONS = (
					"DEBUG=1",
					"$(inherited)",
				);
				GCC_WARN_64_TO_32_BIT_CONVERSION = YES;
				GCC_WARN_ABOUT_RETURN_TYPE = YES_ERROR;
				GCC_WARN_UNDECLARED_SELECTOR = YES;
				GCC_WARN_UNINITIALIZED_AUTOS = YES_AGGRESSIVE;
				GCC_WARN_UNUSED_FUNCTION = YES;
				GCC_WARN_UNUSED_VARIABLE = YES;
				IPHONEOS_DEPLOYMENT_TARGET = 10.3;
				MTL_ENABLE_DEBUG_INFO = YES;
				ONLY_ACTIVE_ARCH = YES;
				SDKROOT = iphoneos;
				SWIFT_ACTIVE_COMPILATION_CONDITIONS = DEBUG;
				SWIFT_OPTIMIZATION_LEVEL = "-Onone";
				TARGETED_DEVICE_FAMILY = 2;
			};
			name = Debug;
		};
		D86047D81F4FC7B30026A5EB /* Release */ = {
			isa = XCBuildConfiguration;
			buildSettings = {
				ALWAYS_SEARCH_USER_PATHS = NO;
				CLANG_ANALYZER_NONNULL = YES;
				CLANG_ANALYZER_NUMBER_OBJECT_CONVERSION = YES_AGGRESSIVE;
				CLANG_CXX_LANGUAGE_STANDARD = "gnu++0x";
				CLANG_CXX_LIBRARY = "libc++";
				CLANG_ENABLE_MODULES = YES;
				CLANG_ENABLE_OBJC_ARC = YES;
				CLANG_WARN_BOOL_CONVERSION = YES;
				CLANG_WARN_CONSTANT_CONVERSION = YES;
				CLANG_WARN_DIRECT_OBJC_ISA_USAGE = YES_ERROR;
				CLANG_WARN_DOCUMENTATION_COMMENTS = YES;
				CLANG_WARN_EMPTY_BODY = YES;
				CLANG_WARN_ENUM_CONVERSION = YES;
				CLANG_WARN_INFINITE_RECURSION = YES;
				CLANG_WARN_INT_CONVERSION = YES;
				CLANG_WARN_OBJC_ROOT_CLASS = YES_ERROR;
				CLANG_WARN_SUSPICIOUS_MOVE = YES;
				CLANG_WARN_UNREACHABLE_CODE = YES;
				CLANG_WARN__DUPLICATE_METHOD_MATCH = YES;
				"CODE_SIGN_IDENTITY[sdk=iphoneos*]" = "iPhone Developer";
				COPY_PHASE_STRIP = NO;
				DEBUG_INFORMATION_FORMAT = "dwarf-with-dsym";
				ENABLE_NS_ASSERTIONS = NO;
				ENABLE_STRICT_OBJC_MSGSEND = YES;
				GCC_C_LANGUAGE_STANDARD = gnu99;
				GCC_NO_COMMON_BLOCKS = YES;
				GCC_WARN_64_TO_32_BIT_CONVERSION = YES;
				GCC_WARN_ABOUT_RETURN_TYPE = YES_ERROR;
				GCC_WARN_UNDECLARED_SELECTOR = YES;
				GCC_WARN_UNINITIALIZED_AUTOS = YES_AGGRESSIVE;
				GCC_WARN_UNUSED_FUNCTION = YES;
				GCC_WARN_UNUSED_VARIABLE = YES;
				IPHONEOS_DEPLOYMENT_TARGET = 10.3;
				MTL_ENABLE_DEBUG_INFO = NO;
				SDKROOT = iphoneos;
				SWIFT_OPTIMIZATION_LEVEL = "-Owholemodule";
				TARGETED_DEVICE_FAMILY = 2;
				VALIDATE_PRODUCT = YES;
			};
			name = Release;
		};
		D86047DA1F4FC7B30026A5EB /* Debug */ = {
			isa = XCBuildConfiguration;
			buildSettings = {
				ASSETCATALOG_COMPILER_APPICON_NAME = AppIcon;
				INFOPLIST_FILE = Monopoly/Info.plist;
				LD_RUNPATH_SEARCH_PATHS = "$(inherited) @executable_path/Frameworks";
				PRODUCT_BUNDLE_IDENTIFIER = edu.portergaud.Monopoly;
				PRODUCT_NAME = "$(TARGET_NAME)";
				SWIFT_VERSION = 3.0;
			};
			name = Debug;
		};
		D86047DB1F4FC7B30026A5EB /* Release */ = {
			isa = XCBuildConfiguration;
			buildSettings = {
				ASSETCATALOG_COMPILER_APPICON_NAME = AppIcon;
				INFOPLIST_FILE = Monopoly/Info.plist;
				LD_RUNPATH_SEARCH_PATHS = "$(inherited) @executable_path/Frameworks";
				PRODUCT_BUNDLE_IDENTIFIER = edu.portergaud.Monopoly;
				PRODUCT_NAME = "$(TARGET_NAME)";
				SWIFT_VERSION = 3.0;
			};
			name = Release;
		};
/* End XCBuildConfiguration section */

/* Begin XCConfigurationList section */
		D86047C21F4FC7B20026A5EB /* Build configuration list for PBXProject "Monopoly" */ = {
			isa = XCConfigurationList;
			buildConfigurations = (
				D86047D71F4FC7B30026A5EB /* Debug */,
				D86047D81F4FC7B30026A5EB /* Release */,
			);
			defaultConfigurationIsVisible = 0;
			defaultConfigurationName = Release;
		};
		D86047D91F4FC7B30026A5EB /* Build configuration list for PBXNativeTarget "Monopoly" */ = {
			isa = XCConfigurationList;
			buildConfigurations = (
				D86047DA1F4FC7B30026A5EB /* Debug */,
				D86047DB1F4FC7B30026A5EB /* Release */,
			);
			defaultConfigurationIsVisible = 0;
		};
/* End XCConfigurationList section */
	};
	rootObject = D86047BF1F4FC7B20026A5EB /* Project object */;
}
